
Microsoft Visual Studio Solution File, Format Version 12.00
# Visual Studio Version 17
VisualStudioVersion = 17.7.34031.279
MinimumVisualStudioVersion = 10.0.40219.1
Project("{9A19103F-16F7-4668-BE54-9A1E7A4F7556}") = "MovieLibrary", "MovieLibrary\MovieLibrary.csproj", "{7047774F-3562-4242-A890-55CDA2EE3E17}"
EndProject
Project("{9A19103F-16F7-4668-BE54-9A1E7A4F7556}") = "MovieLibraryEntities", "MovieLibraryEntities\MovieLibraryEntities.csproj", "{954E0E61-0DA6-4421-A98E-09ECFF40A258}"
EndProject
Global
	GlobalSection(SolutionConfigurationPlatforms) = preSolution
		Debug|Any CPU = Debug|Any CPU
		Release|Any CPU = Release|Any CPU
	EndGlobalSection
	GlobalSection(ProjectConfigurationPlatforms) = postSolution
		{7047774F-3562-4242-A890-55CDA2EE3E17}.Debug|Any CPU.ActiveCfg = Debug|Any CPU
		{7047774F-3562-4242-A890-55CDA2EE3E17}.Debug|Any CPU.Build.0 = Debug|Any CPU
		{7047774F-3562-4242-A890-55CDA2EE3E17}.Release|Any CPU.ActiveCfg = Release|Any CPU
		{7047774F-3562-4242-A890-55CDA2EE3E17}.Release|Any CPU.Build.0 = Release|Any CPU
		{954E0E61-0DA6-4421-A98E-09ECFF40A258}.Debug|Any CPU.ActiveCfg = Debug|Any CPU
		{954E0E61-0DA6-4421-A98E-09ECFF40A258}.Debug|Any CPU.Build.0 = Debug|Any CPU
		{954E0E61-0DA6-4421-A98E-09ECFF40A258}.Release|Any CPU.ActiveCfg = Release|Any CPU
		{954E0E61-0DA6-4421-A98E-09ECFF40A258}.Release|Any CPU.Build.0 = Release|Any CPU
	EndGlobalSection
	GlobalSection(SolutionProperties) = preSolution
		HideSolutionNode = FALSE
	EndGlobalSection
	GlobalSection(ExtensibilityGlobals) = postSolution
		SolutionGuid = {35016A4C-4878-4156-9A9B-00D274F9E9B3}
	EndGlobalSection
EndGlobal
